
Microsoft Visual Studio Solution File, Format Version 12.00
# Visual Studio Version 17
VisualStudioVersion = 17.5.002.0
MinimumVisualStudioVersion = 10.0.40219.1
Project("{9A19103F-16F7-4668-BE54-9A1E7A4F7556}") = "NetworkSupport", "NetworkSupport.csproj", "{DDAE438A-0822-456C-82F7-53240FA291E6}"
EndProject
Global
	GlobalSection(SolutionConfigurationPlatforms) = preSolution
		Debug|Any CPU = Debug|Any CPU
		Release|Any CPU = Release|Any CPU
	EndGlobalSection
	GlobalSection(ProjectConfigurationPlatforms) = postSolution
		{DDAE438A-0822-456C-82F7-53240FA291E6}.Debug|Any CPU.ActiveCfg = Debug|Any CPU
		{DDAE438A-0822-456C-82F7-53240FA291E6}.Debug|Any CPU.Build.0 = Debug|Any CPU
		{DDAE438A-0822-456C-82F7-53240FA291E6}.Release|Any CPU.ActiveCfg = Release|Any CPU
		{DDAE438A-0822-456C-82F7-53240FA291E6}.Release|Any CPU.Build.0 = Release|Any CPU
	EndGlobalSection
	GlobalSection(SolutionProperties) = preSolution
		HideSolutionNode = FALSE
	EndGlobalSection
	GlobalSection(ExtensibilityGlobals) = postSolution
		SolutionGuid = {6FFBE46C-2AFA-407A-BC04-234C537046F9}
	EndGlobalSection
EndGlobal
